
Microsoft Visual Studio Solution File, Format Version 12.00
# Visual Studio 15
VisualStudioVersion = 15.0.27703.2035
MinimumVisualStudioVersion = 10.0.40219.1
Project("{9A19103F-16F7-4668-BE54-9A1E7A4F7556}") = "AElf.Automation.RpcTesting", "AElf.Automation.RpcTesting\AElf.Automation.RpcTesting.csproj", "{1021C6AB-CB6A-443F-A789-6D58833EEABE}"
EndProject
Project("{2150E333-8FDC-42A3-9474-1A3956D46DE8}") = "DeployScripts", "DeployScripts", "{DC4AEB8A-7BB9-439F-8AB1-61DFCFC4989A}"
	ProjectSection(SolutionItems) = preProject
		aelf-autotest.sh = aelf-autotest.sh
		aelf-cli.sh = aelf-cli.sh
		aelf-contraction-test.sh = aelf-contraction-test.sh
		aelf-docker.sh = aelf-docker.sh
		aelf-new-environment.sh = aelf-new-environment.sh
		aelf-node-docker.sh = aelf-node-docker.sh
		aelf-node-local.sh = aelf-node-local.sh
		aelf-nodes-local.sh = aelf-nodes-local.sh
		sh-record.sh = sh-record.sh
		sh-replay.sh = sh-replay.sh
		nodes-scenario-test.sh = nodes-scenario-test.sh
	EndProjectSection
EndProject
Project("{9A19103F-16F7-4668-BE54-9A1E7A4F7556}") = "AElf.Automation.Common", "AElf.Automation.Common\AElf.Automation.Common.csproj", "{A6965199-AA8D-4BAA-B88E-609C440F4962}"
EndProject
Project("{9A19103F-16F7-4668-BE54-9A1E7A4F7556}") = "AElf.Automation.RpcPerformance", "AElf.Automation.RpcPerformance\AElf.Automation.RpcPerformance.csproj", "{A12A134E-7226-488A-99EC-39375F57EBCD}"
EndProject
Project("{2150E333-8FDC-42A3-9474-1A3956D46DE8}") = "Solution Items", "Solution Items", "{C52F53CE-F851-4F67-8A9A-6D63FAA604D4}"
	ProjectSection(SolutionItems) = preProject
		.gitignore = .gitignore
	EndProjectSection
EndProject
Project("{2150E333-8FDC-42A3-9474-1A3956D46DE8}") = "AElfProjects", "AElfProjects", "{5BDC72C1-6F24-4E07-B8B0-33F527650291}"
EndProject
Project("{9A19103F-16F7-4668-BE54-9A1E7A4F7556}") = "AElf.Common", "AElf\AElf.Common\AElf.Common.csproj", "{56FAF362-F13A-4BDE-A3AC-93401E183A2C}"
EndProject
Project("{9A19103F-16F7-4668-BE54-9A1E7A4F7556}") = "AElf.Cryptography", "AElf\AElf.Cryptography\AElf.Cryptography.csproj", "{CDEE3360-50E5-4A71-B9C6-FB6ABC01E215}"
EndProject
Project("{9A19103F-16F7-4668-BE54-9A1E7A4F7556}") = "AElf.Automation.SideChainVerification", "AElf.Automation.SideChainVerification\AElf.Automation.SideChainVerification.csproj", "{3E96BE14-AFC5-4520-ACF6-AADBD15BCFB2}"
EndProject
Project("{9A19103F-16F7-4668-BE54-9A1E7A4F7556}") = "AElf.Automation.ContractsTesting", "AElf.Automation.ContractsTesting\AElf.Automation.ContractsTesting.csproj", "{C10546FE-FB25-4523-BFD8-A299262A63B5}"
EndProject
Project("{FAE04EC0-301F-11D3-BF4B-00C04F79EFBC}") = "AElf.Automation.Contracts.ScenarioTest", "AElf.Automation.Contracts.ScenarioTest\AElf.Automation.Contracts.ScenarioTest.csproj", "{8709035D-AD67-433B-971A-1D6392EE0AA0}"
EndProject
Project("{FAE04EC0-301F-11D3-BF4B-00C04F79EFBC}") = "AElf.Core", "AElf\AElf.Core\AElf.Core.csproj", "{7AFBF003-3C29-4AFB-82CF-87EEE8689E8F}"
EndProject
Project("{FAE04EC0-301F-11D3-BF4B-00C04F79EFBC}") = "AElf.Types", "AElf\AElf.Types\AElf.Types.csproj", "{008013DB-AFB2-4F68-8DED-CE188EBE9F5F}"
EndProject
Project("{FAE04EC0-301F-11D3-BF4B-00C04F79EFBC}") = "AElf.Database", "AElf\AElf.Database\AElf.Database.csproj", "{6724E1E8-3348-40B9-A773-05990BA7BAEE}"
EndProject
Project("{FAE04EC0-301F-11D3-BF4B-00C04F79EFBC}") = "AElf.Types.CSharp", "AElf\AElf.Types.CSharp\AElf.Types.CSharp.csproj", "{1202BE10-39BD-4204-AC3E-54E56FDF4CF4}"
EndProject
Project("{FAE04EC0-301F-11D3-BF4B-00C04F79EFBC}") = "AElf.Kernel.Types", "AElf\AElf.Kernel.Types\AElf.Kernel.Types.csproj", "{65501E76-393E-436E-9A1E-B6618382923B}"
EndProject
Project("{FAE04EC0-301F-11D3-BF4B-00C04F79EFBC}") = "AElf.CrossChain.Types", "AElf\AElf.CrossChain.Types\AElf.CrossChain.Types.csproj", "{49B30B42-D116-4223-89C3-BA5F0EEDB029}"
EndProject
Project("{FAE04EC0-301F-11D3-BF4B-00C04F79EFBC}") = "AElf.Kernel.Core", "AElf\AElf.Kernel.Core\AElf.Kernel.Core.csproj", "{4BE990B7-8817-4246-B1FB-4B2F23A26211}"
EndProject
Global
	GlobalSection(SolutionConfigurationPlatforms) = preSolution
		Debug|Any CPU = Debug|Any CPU
		Release|Any CPU = Release|Any CPU
	EndGlobalSection
	GlobalSection(ProjectConfigurationPlatforms) = postSolution
		{1021C6AB-CB6A-443F-A789-6D58833EEABE}.Debug|Any CPU.ActiveCfg = Debug|Any CPU
		{1021C6AB-CB6A-443F-A789-6D58833EEABE}.Debug|Any CPU.Build.0 = Debug|Any CPU
		{1021C6AB-CB6A-443F-A789-6D58833EEABE}.Release|Any CPU.ActiveCfg = Release|Any CPU
		{1021C6AB-CB6A-443F-A789-6D58833EEABE}.Release|Any CPU.Build.0 = Release|Any CPU
		{A6965199-AA8D-4BAA-B88E-609C440F4962}.Debug|Any CPU.ActiveCfg = Debug|Any CPU
		{A6965199-AA8D-4BAA-B88E-609C440F4962}.Debug|Any CPU.Build.0 = Debug|Any CPU
		{A6965199-AA8D-4BAA-B88E-609C440F4962}.Release|Any CPU.ActiveCfg = Release|Any CPU
		{A6965199-AA8D-4BAA-B88E-609C440F4962}.Release|Any CPU.Build.0 = Release|Any CPU
		{A12A134E-7226-488A-99EC-39375F57EBCD}.Debug|Any CPU.ActiveCfg = Debug|Any CPU
		{A12A134E-7226-488A-99EC-39375F57EBCD}.Debug|Any CPU.Build.0 = Debug|Any CPU
		{A12A134E-7226-488A-99EC-39375F57EBCD}.Release|Any CPU.ActiveCfg = Release|Any CPU
		{A12A134E-7226-488A-99EC-39375F57EBCD}.Release|Any CPU.Build.0 = Release|Any CPU
		{56FAF362-F13A-4BDE-A3AC-93401E183A2C}.Debug|Any CPU.ActiveCfg = Debug|Any CPU
		{56FAF362-F13A-4BDE-A3AC-93401E183A2C}.Debug|Any CPU.Build.0 = Debug|Any CPU
		{56FAF362-F13A-4BDE-A3AC-93401E183A2C}.Release|Any CPU.ActiveCfg = Release|Any CPU
		{56FAF362-F13A-4BDE-A3AC-93401E183A2C}.Release|Any CPU.Build.0 = Release|Any CPU
		{CDEE3360-50E5-4A71-B9C6-FB6ABC01E215}.Debug|Any CPU.ActiveCfg = Debug|Any CPU
		{CDEE3360-50E5-4A71-B9C6-FB6ABC01E215}.Debug|Any CPU.Build.0 = Debug|Any CPU
		{CDEE3360-50E5-4A71-B9C6-FB6ABC01E215}.Release|Any CPU.ActiveCfg = Release|Any CPU
		{CDEE3360-50E5-4A71-B9C6-FB6ABC01E215}.Release|Any CPU.Build.0 = Release|Any CPU
		{3E96BE14-AFC5-4520-ACF6-AADBD15BCFB2}.Debug|Any CPU.ActiveCfg = Debug|Any CPU
		{3E96BE14-AFC5-4520-ACF6-AADBD15BCFB2}.Debug|Any CPU.Build.0 = Debug|Any CPU
		{3E96BE14-AFC5-4520-ACF6-AADBD15BCFB2}.Release|Any CPU.ActiveCfg = Release|Any CPU
		{3E96BE14-AFC5-4520-ACF6-AADBD15BCFB2}.Release|Any CPU.Build.0 = Release|Any CPU
		{C10546FE-FB25-4523-BFD8-A299262A63B5}.Debug|Any CPU.ActiveCfg = Debug|Any CPU
		{C10546FE-FB25-4523-BFD8-A299262A63B5}.Debug|Any CPU.Build.0 = Debug|Any CPU
		{C10546FE-FB25-4523-BFD8-A299262A63B5}.Release|Any CPU.ActiveCfg = Release|Any CPU
		{C10546FE-FB25-4523-BFD8-A299262A63B5}.Release|Any CPU.Build.0 = Release|Any CPU
		{8709035D-AD67-433B-971A-1D6392EE0AA0}.Debug|Any CPU.ActiveCfg = Debug|Any CPU
		{8709035D-AD67-433B-971A-1D6392EE0AA0}.Debug|Any CPU.Build.0 = Debug|Any CPU
		{8709035D-AD67-433B-971A-1D6392EE0AA0}.Release|Any CPU.ActiveCfg = Release|Any CPU
		{8709035D-AD67-433B-971A-1D6392EE0AA0}.Release|Any CPU.Build.0 = Release|Any CPU
		{7AFBF003-3C29-4AFB-82CF-87EEE8689E8F}.Debug|Any CPU.ActiveCfg = Debug|Any CPU
		{7AFBF003-3C29-4AFB-82CF-87EEE8689E8F}.Debug|Any CPU.Build.0 = Debug|Any CPU
		{7AFBF003-3C29-4AFB-82CF-87EEE8689E8F}.Release|Any CPU.ActiveCfg = Release|Any CPU
		{7AFBF003-3C29-4AFB-82CF-87EEE8689E8F}.Release|Any CPU.Build.0 = Release|Any CPU
		{008013DB-AFB2-4F68-8DED-CE188EBE9F5F}.Debug|Any CPU.ActiveCfg = Debug|Any CPU
		{008013DB-AFB2-4F68-8DED-CE188EBE9F5F}.Debug|Any CPU.Build.0 = Debug|Any CPU
		{008013DB-AFB2-4F68-8DED-CE188EBE9F5F}.Release|Any CPU.ActiveCfg = Release|Any CPU
		{008013DB-AFB2-4F68-8DED-CE188EBE9F5F}.Release|Any CPU.Build.0 = Release|Any CPU
		{6724E1E8-3348-40B9-A773-05990BA7BAEE}.Debug|Any CPU.ActiveCfg = Debug|Any CPU
		{6724E1E8-3348-40B9-A773-05990BA7BAEE}.Debug|Any CPU.Build.0 = Debug|Any CPU
		{6724E1E8-3348-40B9-A773-05990BA7BAEE}.Release|Any CPU.ActiveCfg = Release|Any CPU
		{6724E1E8-3348-40B9-A773-05990BA7BAEE}.Release|Any CPU.Build.0 = Release|Any CPU
		{1202BE10-39BD-4204-AC3E-54E56FDF4CF4}.Debug|Any CPU.ActiveCfg = Debug|Any CPU
		{1202BE10-39BD-4204-AC3E-54E56FDF4CF4}.Debug|Any CPU.Build.0 = Debug|Any CPU
		{1202BE10-39BD-4204-AC3E-54E56FDF4CF4}.Release|Any CPU.ActiveCfg = Release|Any CPU
		{1202BE10-39BD-4204-AC3E-54E56FDF4CF4}.Release|Any CPU.Build.0 = Release|Any CPU
		{65501E76-393E-436E-9A1E-B6618382923B}.Debug|Any CPU.ActiveCfg = Debug|Any CPU
		{65501E76-393E-436E-9A1E-B6618382923B}.Debug|Any CPU.Build.0 = Debug|Any CPU
		{65501E76-393E-436E-9A1E-B6618382923B}.Release|Any CPU.ActiveCfg = Release|Any CPU
		{65501E76-393E-436E-9A1E-B6618382923B}.Release|Any CPU.Build.0 = Release|Any CPU
		{49B30B42-D116-4223-89C3-BA5F0EEDB029}.Debug|Any CPU.ActiveCfg = Debug|Any CPU
		{49B30B42-D116-4223-89C3-BA5F0EEDB029}.Debug|Any CPU.Build.0 = Debug|Any CPU
		{49B30B42-D116-4223-89C3-BA5F0EEDB029}.Release|Any CPU.ActiveCfg = Release|Any CPU
		{49B30B42-D116-4223-89C3-BA5F0EEDB029}.Release|Any CPU.Build.0 = Release|Any CPU
		{4BE990B7-8817-4246-B1FB-4B2F23A26211}.Debug|Any CPU.ActiveCfg = Debug|Any CPU
		{4BE990B7-8817-4246-B1FB-4B2F23A26211}.Debug|Any CPU.Build.0 = Debug|Any CPU
		{4BE990B7-8817-4246-B1FB-4B2F23A26211}.Release|Any CPU.ActiveCfg = Release|Any CPU
		{4BE990B7-8817-4246-B1FB-4B2F23A26211}.Release|Any CPU.Build.0 = Release|Any CPU
	EndGlobalSection
	GlobalSection(SolutionProperties) = preSolution
		HideSolutionNode = FALSE
	EndGlobalSection
	GlobalSection(NestedProjects) = preSolution
		{56FAF362-F13A-4BDE-A3AC-93401E183A2C} = {5BDC72C1-6F24-4E07-B8B0-33F527650291}
		{CDEE3360-50E5-4A71-B9C6-FB6ABC01E215} = {5BDC72C1-6F24-4E07-B8B0-33F527650291}
		{7AFBF003-3C29-4AFB-82CF-87EEE8689E8F} = {5BDC72C1-6F24-4E07-B8B0-33F527650291}
		{008013DB-AFB2-4F68-8DED-CE188EBE9F5F} = {5BDC72C1-6F24-4E07-B8B0-33F527650291}
		{6724E1E8-3348-40B9-A773-05990BA7BAEE} = {5BDC72C1-6F24-4E07-B8B0-33F527650291}
		{1202BE10-39BD-4204-AC3E-54E56FDF4CF4} = {5BDC72C1-6F24-4E07-B8B0-33F527650291}
		{65501E76-393E-436E-9A1E-B6618382923B} = {5BDC72C1-6F24-4E07-B8B0-33F527650291}
		{49B30B42-D116-4223-89C3-BA5F0EEDB029} = {5BDC72C1-6F24-4E07-B8B0-33F527650291}
		{4BE990B7-8817-4246-B1FB-4B2F23A26211} = {5BDC72C1-6F24-4E07-B8B0-33F527650291}
	EndGlobalSection
	GlobalSection(ExtensibilityGlobals) = postSolution
		SolutionGuid = {05DFE5B3-3188-4E93-A492-081768B6DBA7}
	EndGlobalSection
EndGlobal
