
Microsoft Visual Studio Solution File, Format Version 12.00
# Visual Studio 15
VisualStudioVersion = 15.0.27703.2035
MinimumVisualStudioVersion = 10.0.40219.1
Project("{2150E333-8FDC-42A3-9474-1A3956D46DE8}") = "scripts", "scripts", "{0562D2C7-BDBD-4536-A457-F6FA2F6ACE03}"
ProjectSection(SolutionItems) = preProject
	scripts\aelf-autotest.sh = scripts\aelf-autotest.sh
	scripts\aelf-cli.sh = scripts\aelf-cli.sh
	scripts\aelf-contraction-test.sh = scripts\aelf-contraction-test.sh
	scripts\aelf-docker.sh = scripts\aelf-docker.sh
	scripts\aelf-new-environment.sh = scripts\aelf-new-environment.sh
	scripts\aelf-node-docker.sh = scripts\aelf-node-docker.sh
	scripts\aelf-node-local.sh = scripts\aelf-node-local.sh
	scripts\aelf-nodes-local.sh = scripts\aelf-nodes-local.sh
	scripts\nodes-scenario-test.sh = scripts\nodes-scenario-test.sh
	scripts\sh-record.sh = scripts\sh-record.sh
	scripts\sh-replay.sh = scripts\sh-replay.sh
EndProjectSection
EndProject
Project("{2150E333-8FDC-42A3-9474-1A3956D46DE8}") = "test", "test", "{35D838ED-B1AC-4F0F-8657-24F2B52F59EA}"
EndProject
Project("{2150E333-8FDC-42A3-9474-1A3956D46DE8}") = "src", "src", "{2C48872E-71EC-42A3-B2E4-4378D5A273C5}"
EndProject
Project("{2150E333-8FDC-42A3-9474-1A3956D46DE8}") = "AElf", "AElf", "{EEBB8695-7962-4C3A-8ABA-EA1BD612D289}"
EndProject
Project("{FAE04EC0-301F-11D3-BF4B-00C04F79EFBC}") = "AElf.Types", "src\AElf\src\AElf.Types\AElf.Types.csproj", "{42C1A991-FAED-4809-9CF2-F385B24C33AE}"
EndProject
Project("{FAE04EC0-301F-11D3-BF4B-00C04F79EFBC}") = "AElf.Kernel.Types", "src\AElf\src\AElf.Kernel.Types\AElf.Kernel.Types.csproj", "{5BD20509-84E1-452D-B74B-29B7CAC8A4F6}"
EndProject
Project("{FAE04EC0-301F-11D3-BF4B-00C04F79EFBC}") = "AElf.Core", "src\AElf\src\AElf.Core\AElf.Core.csproj", "{021F71F6-04DD-44DD-898E-E3C38E43430A}"
EndProject
Project("{FAE04EC0-301F-11D3-BF4B-00C04F79EFBC}") = "AElf.Kernel.Core", "src\AElf\src\AElf.Kernel.Core\AElf.Kernel.Core.csproj", "{C0BB19DD-B105-40B8-A2AC-41846DE0CB36}"
EndProject
Project("{FAE04EC0-301F-11D3-BF4B-00C04F79EFBC}") = "AElf.Database", "src\AElf\src\AElf.Database\AElf.Database.csproj", "{6F9137F8-5D52-46F8-AF51-2A632C5A6651}"
EndProject
Project("{FAE04EC0-301F-11D3-BF4B-00C04F79EFBC}") = "AElf.CSharp.Core", "src\AElf\src\AElf.CSharp.Core\AElf.CSharp.Core.csproj", "{C6218AF1-57F8-4510-860A-C0431AF063F8}"
EndProject
Project("{FAE04EC0-301F-11D3-BF4B-00C04F79EFBC}") = "AElf.Kernel.SmartContract.Sdk.Abstracts", "src\AElf\src\AElf.Kernel.SmartContract.Sdk.Abstracts\AElf.Kernel.SmartContract.Sdk.Abstracts.csproj", "{455A67D5-DE3D-4621-B646-8363F27C9F08}"
EndProject
Project("{FAE04EC0-301F-11D3-BF4B-00C04F79EFBC}") = "AElf.Automation.Common", "src\AElf.Automation.Common\AElf.Automation.Common.csproj", "{4F187890-48EB-42E8-A382-220A6F320868}"
EndProject
Project("{FAE04EC0-301F-11D3-BF4B-00C04F79EFBC}") = "AElf.Cryptography", "src\AElf\src\AElf.Cryptography\AElf.Cryptography.csproj", "{A50A2794-0AD4-4F0D-9D7A-0CC7A2460321}"
EndProject
Project("{FAE04EC0-301F-11D3-BF4B-00C04F79EFBC}") = "AElf.Common", "src\AElf\src\AElf.Common\AElf.Common.csproj", "{47E6E391-5A46-4596-AA52-1FD113BF10A3}"
EndProject
Project("{FAE04EC0-301F-11D3-BF4B-00C04F79EFBC}") = "AElf.Sdk.CSharp", "src\AElf\src\AElf.Sdk.CSharp\AElf.Sdk.CSharp.csproj", "{A2F71F4A-7CFB-442E-AE08-656289596166}"
EndProject
Project("{FAE04EC0-301F-11D3-BF4B-00C04F79EFBC}") = "AElf.Automation.Contracts.ScenarioTest", "test\AElf.Automation.Contracts.ScenarioTest\AElf.Automation.Contracts.ScenarioTest.csproj", "{86B9B9C9-157F-4023-BBAA-3A7CB903557C}"
EndProject
Project("{FAE04EC0-301F-11D3-BF4B-00C04F79EFBC}") = "AElf.Automation.ContractsTesting", "test\AElf.Automation.ContractsTesting\AElf.Automation.ContractsTesting.csproj", "{41066E28-071D-4A1B-8923-8BB0B41134E3}"
EndProject
Project("{FAE04EC0-301F-11D3-BF4B-00C04F79EFBC}") = "AElf.Automation.RpcPerformance", "test\AElf.Automation.RpcPerformance\AElf.Automation.RpcPerformance.csproj", "{AE345924-AA2E-4844-AD4F-640418E04399}"
EndProject
Project("{FAE04EC0-301F-11D3-BF4B-00C04F79EFBC}") = "AElf.Automation.RpcTesting", "test\AElf.Automation.RpcTesting\AElf.Automation.RpcTesting.csproj", "{0E2F960A-0960-4B39-9870-200A3AF654E1}"
EndProject
Project("{FAE04EC0-301F-11D3-BF4B-00C04F79EFBC}") = "AElf.Automation.SideChainVerification", "test\AElf.Automation.SideChainVerification\AElf.Automation.SideChainVerification.csproj", "{D3C1BAF8-20CE-4B9F-82CE-12C81730B55D}"
EndProject
Project("{FAE04EC0-301F-11D3-BF4B-00C04F79EFBC}") = "AElf.Automation.TransactionExecution", "test\AElf.Automation.TransactionExecution\AElf.Automation.TransactionExecution.csproj", "{EEDDE6EB-0F86-477C-A19E-084E95BF157D}"
EndProject
Project("{FAE04EC0-301F-11D3-BF4B-00C04F79EFBC}") = "AElf.WebApp.Application.Chain", "src\AElf\src\AElf.WebApp.Application.Chain\AElf.WebApp.Application.Chain.csproj", "{F82DD4FB-D3C6-400D-A639-04722996400C}"
EndProject
Project("{FAE04EC0-301F-11D3-BF4B-00C04F79EFBC}") = "AElf.WebApp.Web", "src\AElf\src\AElf.WebApp.Web\AElf.WebApp.Web.csproj", "{6BBF83FA-6955-4201-9D07-88E2DA4FF75B}"
EndProject
Project("{FAE04EC0-301F-11D3-BF4B-00C04F79EFBC}") = "AElf.WebApp.Application.Core", "src\AElf\src\AElf.WebApp.Application.Core\AElf.WebApp.Application.Core.csproj", "{7DB90EDF-A570-47F5-B8F2-0D1A3FB71975}"
EndProject
Project("{FAE04EC0-301F-11D3-BF4B-00C04F79EFBC}") = "AElf.WebApp.Application.Net", "src\AElf\src\AElf.WebApp.Application.Net\AElf.WebApp.Application.Net.csproj", "{DC6D8A91-7981-4462-8A1E-2C9C5298A634}"
EndProject
Project("{FAE04EC0-301F-11D3-BF4B-00C04F79EFBC}") = "AElf.OS.Core", "src\AElf\src\AElf.OS.Core\AElf.OS.Core.csproj", "{B093EAD3-C02C-4EF6-B402-F76D2637AE1C}"
EndProject
Project("{FAE04EC0-301F-11D3-BF4B-00C04F79EFBC}") = "AElf.Kernel.Node", "src\AElf\src\AElf.Kernel.Node\AElf.Kernel.Node.csproj", "{AD34A9DA-ADEB-4F3C-8FC4-867CB13A5548}"
EndProject
Project("{FAE04EC0-301F-11D3-BF4B-00C04F79EFBC}") = "AElf.Kernel.ChainController", "src\AElf\src\AElf.Kernel.ChainController\AElf.Kernel.ChainController.csproj", "{716A5DEF-98F4-4E9E-BEF5-3E38CE488053}"
EndProject
Project("{FAE04EC0-301F-11D3-BF4B-00C04F79EFBC}") = "AElf.Kernel.Consensus", "src\AElf\src\AElf.Kernel.Consensus\AElf.Kernel.Consensus.csproj", "{89BBD590-4BEE-4B03-B7D9-29DD22145C8C}"
EndProject
Project("{FAE04EC0-301F-11D3-BF4B-00C04F79EFBC}") = "AElf.Kernel.SmartContract", "src\AElf\src\AElf.Kernel.SmartContract\AElf.Kernel.SmartContract.csproj", "{A92C714C-3DAD-4671-9E6A-C54E060BCA47}"
EndProject
Project("{FAE04EC0-301F-11D3-BF4B-00C04F79EFBC}") = "AElf.Kernel.SmartContractExecution", "src\AElf\src\AElf.Kernel.SmartContractExecution\AElf.Kernel.SmartContractExecution.csproj", "{EA54541C-1C1D-4CBE-9AD1-80A0A7190709}"
EndProject
Project("{FAE04EC0-301F-11D3-BF4B-00C04F79EFBC}") = "AElf.Kernel.TransactionPool", "src\AElf\src\AElf.Kernel.TransactionPool\AElf.Kernel.TransactionPool.csproj", "{68C29B38-2A61-42CA-8ACC-47DEBD86C7D5}"
EndProject
Project("{FAE04EC0-301F-11D3-BF4B-00C04F79EFBC}") = "AElf.Automation.EconomicSystem.Tests", "test\AElf.Automation.EconomicSystem.Tests\AElf.Automation.EconomicSystem.Tests.csproj", "{20598CEE-7AB1-4B6A-A0FF-3DD5FC0AFE26}"
EndProject
Project("{FAE04EC0-301F-11D3-BF4B-00C04F79EFBC}") = "AElf.Automation.SideChainTests", "test\AElf.Automation.SideChainTests\AElf.Automation.SideChainTests.csproj", "{8CF84008-15DB-4A0C-94E7-CB9D6070E7AC}"
EndProject
Project("{FAE04EC0-301F-11D3-BF4B-00C04F79EFBC}") = "AElf.CrossChain.Core", "src\AElf\src\AElf.CrossChain.Core\AElf.CrossChain.Core.csproj", "{ADB8488E-9AA6-4DB4-A084-743871DC8DA6}"
EndProject
Project("{FAE04EC0-301F-11D3-BF4B-00C04F79EFBC}") = "AElf.CrossChain.Types", "src\AElf\src\AElf.CrossChain.Types\AElf.CrossChain.Types.csproj", "{CEC95268-969F-4DDE-93F9-BB3E98F746A0}"
EndProject
Global
	GlobalSection(SolutionConfigurationPlatforms) = preSolution
		Debug|Any CPU = Debug|Any CPU
		Release|Any CPU = Release|Any CPU
	EndGlobalSection
	GlobalSection(ProjectConfigurationPlatforms) = postSolution
		{42C1A991-FAED-4809-9CF2-F385B24C33AE}.Debug|Any CPU.ActiveCfg = Debug|Any CPU
		{42C1A991-FAED-4809-9CF2-F385B24C33AE}.Debug|Any CPU.Build.0 = Debug|Any CPU
		{42C1A991-FAED-4809-9CF2-F385B24C33AE}.Release|Any CPU.ActiveCfg = Release|Any CPU
		{42C1A991-FAED-4809-9CF2-F385B24C33AE}.Release|Any CPU.Build.0 = Release|Any CPU
		{5BD20509-84E1-452D-B74B-29B7CAC8A4F6}.Debug|Any CPU.ActiveCfg = Debug|Any CPU
		{5BD20509-84E1-452D-B74B-29B7CAC8A4F6}.Debug|Any CPU.Build.0 = Debug|Any CPU
		{5BD20509-84E1-452D-B74B-29B7CAC8A4F6}.Release|Any CPU.ActiveCfg = Release|Any CPU
		{5BD20509-84E1-452D-B74B-29B7CAC8A4F6}.Release|Any CPU.Build.0 = Release|Any CPU
		{021F71F6-04DD-44DD-898E-E3C38E43430A}.Debug|Any CPU.ActiveCfg = Debug|Any CPU
		{021F71F6-04DD-44DD-898E-E3C38E43430A}.Debug|Any CPU.Build.0 = Debug|Any CPU
		{021F71F6-04DD-44DD-898E-E3C38E43430A}.Release|Any CPU.ActiveCfg = Release|Any CPU
		{021F71F6-04DD-44DD-898E-E3C38E43430A}.Release|Any CPU.Build.0 = Release|Any CPU
		{C0BB19DD-B105-40B8-A2AC-41846DE0CB36}.Debug|Any CPU.ActiveCfg = Debug|Any CPU
		{C0BB19DD-B105-40B8-A2AC-41846DE0CB36}.Debug|Any CPU.Build.0 = Debug|Any CPU
		{C0BB19DD-B105-40B8-A2AC-41846DE0CB36}.Release|Any CPU.ActiveCfg = Release|Any CPU
		{C0BB19DD-B105-40B8-A2AC-41846DE0CB36}.Release|Any CPU.Build.0 = Release|Any CPU
		{6F9137F8-5D52-46F8-AF51-2A632C5A6651}.Debug|Any CPU.ActiveCfg = Debug|Any CPU
		{6F9137F8-5D52-46F8-AF51-2A632C5A6651}.Debug|Any CPU.Build.0 = Debug|Any CPU
		{6F9137F8-5D52-46F8-AF51-2A632C5A6651}.Release|Any CPU.ActiveCfg = Release|Any CPU
		{6F9137F8-5D52-46F8-AF51-2A632C5A6651}.Release|Any CPU.Build.0 = Release|Any CPU
		{C6218AF1-57F8-4510-860A-C0431AF063F8}.Debug|Any CPU.ActiveCfg = Debug|Any CPU
		{C6218AF1-57F8-4510-860A-C0431AF063F8}.Debug|Any CPU.Build.0 = Debug|Any CPU
		{C6218AF1-57F8-4510-860A-C0431AF063F8}.Release|Any CPU.ActiveCfg = Release|Any CPU
		{C6218AF1-57F8-4510-860A-C0431AF063F8}.Release|Any CPU.Build.0 = Release|Any CPU
		{455A67D5-DE3D-4621-B646-8363F27C9F08}.Debug|Any CPU.ActiveCfg = Debug|Any CPU
		{455A67D5-DE3D-4621-B646-8363F27C9F08}.Debug|Any CPU.Build.0 = Debug|Any CPU
		{455A67D5-DE3D-4621-B646-8363F27C9F08}.Release|Any CPU.ActiveCfg = Release|Any CPU
		{455A67D5-DE3D-4621-B646-8363F27C9F08}.Release|Any CPU.Build.0 = Release|Any CPU
		{4F187890-48EB-42E8-A382-220A6F320868}.Debug|Any CPU.ActiveCfg = Debug|Any CPU
		{4F187890-48EB-42E8-A382-220A6F320868}.Debug|Any CPU.Build.0 = Debug|Any CPU
		{4F187890-48EB-42E8-A382-220A6F320868}.Release|Any CPU.ActiveCfg = Release|Any CPU
		{4F187890-48EB-42E8-A382-220A6F320868}.Release|Any CPU.Build.0 = Release|Any CPU
		{A50A2794-0AD4-4F0D-9D7A-0CC7A2460321}.Debug|Any CPU.ActiveCfg = Debug|Any CPU
		{A50A2794-0AD4-4F0D-9D7A-0CC7A2460321}.Debug|Any CPU.Build.0 = Debug|Any CPU
		{A50A2794-0AD4-4F0D-9D7A-0CC7A2460321}.Release|Any CPU.ActiveCfg = Release|Any CPU
		{A50A2794-0AD4-4F0D-9D7A-0CC7A2460321}.Release|Any CPU.Build.0 = Release|Any CPU
		{47E6E391-5A46-4596-AA52-1FD113BF10A3}.Debug|Any CPU.ActiveCfg = Debug|Any CPU
		{47E6E391-5A46-4596-AA52-1FD113BF10A3}.Debug|Any CPU.Build.0 = Debug|Any CPU
		{47E6E391-5A46-4596-AA52-1FD113BF10A3}.Release|Any CPU.ActiveCfg = Release|Any CPU
		{47E6E391-5A46-4596-AA52-1FD113BF10A3}.Release|Any CPU.Build.0 = Release|Any CPU
		{A2F71F4A-7CFB-442E-AE08-656289596166}.Debug|Any CPU.ActiveCfg = Debug|Any CPU
		{A2F71F4A-7CFB-442E-AE08-656289596166}.Debug|Any CPU.Build.0 = Debug|Any CPU
		{A2F71F4A-7CFB-442E-AE08-656289596166}.Release|Any CPU.ActiveCfg = Release|Any CPU
		{A2F71F4A-7CFB-442E-AE08-656289596166}.Release|Any CPU.Build.0 = Release|Any CPU
		{86B9B9C9-157F-4023-BBAA-3A7CB903557C}.Debug|Any CPU.ActiveCfg = Debug|Any CPU
		{86B9B9C9-157F-4023-BBAA-3A7CB903557C}.Debug|Any CPU.Build.0 = Debug|Any CPU
		{86B9B9C9-157F-4023-BBAA-3A7CB903557C}.Release|Any CPU.ActiveCfg = Release|Any CPU
		{86B9B9C9-157F-4023-BBAA-3A7CB903557C}.Release|Any CPU.Build.0 = Release|Any CPU
		{41066E28-071D-4A1B-8923-8BB0B41134E3}.Debug|Any CPU.ActiveCfg = Debug|Any CPU
		{41066E28-071D-4A1B-8923-8BB0B41134E3}.Debug|Any CPU.Build.0 = Debug|Any CPU
		{41066E28-071D-4A1B-8923-8BB0B41134E3}.Release|Any CPU.ActiveCfg = Release|Any CPU
		{41066E28-071D-4A1B-8923-8BB0B41134E3}.Release|Any CPU.Build.0 = Release|Any CPU
		{AE345924-AA2E-4844-AD4F-640418E04399}.Debug|Any CPU.ActiveCfg = Debug|Any CPU
		{AE345924-AA2E-4844-AD4F-640418E04399}.Debug|Any CPU.Build.0 = Debug|Any CPU
		{AE345924-AA2E-4844-AD4F-640418E04399}.Release|Any CPU.ActiveCfg = Release|Any CPU
		{AE345924-AA2E-4844-AD4F-640418E04399}.Release|Any CPU.Build.0 = Release|Any CPU
		{0E2F960A-0960-4B39-9870-200A3AF654E1}.Debug|Any CPU.ActiveCfg = Debug|Any CPU
		{0E2F960A-0960-4B39-9870-200A3AF654E1}.Debug|Any CPU.Build.0 = Debug|Any CPU
		{0E2F960A-0960-4B39-9870-200A3AF654E1}.Release|Any CPU.ActiveCfg = Release|Any CPU
		{0E2F960A-0960-4B39-9870-200A3AF654E1}.Release|Any CPU.Build.0 = Release|Any CPU
		{D3C1BAF8-20CE-4B9F-82CE-12C81730B55D}.Debug|Any CPU.ActiveCfg = Debug|Any CPU
		{D3C1BAF8-20CE-4B9F-82CE-12C81730B55D}.Debug|Any CPU.Build.0 = Debug|Any CPU
		{D3C1BAF8-20CE-4B9F-82CE-12C81730B55D}.Release|Any CPU.ActiveCfg = Release|Any CPU
		{D3C1BAF8-20CE-4B9F-82CE-12C81730B55D}.Release|Any CPU.Build.0 = Release|Any CPU
		{EEDDE6EB-0F86-477C-A19E-084E95BF157D}.Debug|Any CPU.ActiveCfg = Debug|Any CPU
		{EEDDE6EB-0F86-477C-A19E-084E95BF157D}.Debug|Any CPU.Build.0 = Debug|Any CPU
		{EEDDE6EB-0F86-477C-A19E-084E95BF157D}.Release|Any CPU.ActiveCfg = Release|Any CPU
		{EEDDE6EB-0F86-477C-A19E-084E95BF157D}.Release|Any CPU.Build.0 = Release|Any CPU
		{F82DD4FB-D3C6-400D-A639-04722996400C}.Debug|Any CPU.ActiveCfg = Debug|Any CPU
		{F82DD4FB-D3C6-400D-A639-04722996400C}.Debug|Any CPU.Build.0 = Debug|Any CPU
		{F82DD4FB-D3C6-400D-A639-04722996400C}.Release|Any CPU.ActiveCfg = Release|Any CPU
		{F82DD4FB-D3C6-400D-A639-04722996400C}.Release|Any CPU.Build.0 = Release|Any CPU
		{6BBF83FA-6955-4201-9D07-88E2DA4FF75B}.Debug|Any CPU.ActiveCfg = Debug|Any CPU
		{6BBF83FA-6955-4201-9D07-88E2DA4FF75B}.Debug|Any CPU.Build.0 = Debug|Any CPU
		{6BBF83FA-6955-4201-9D07-88E2DA4FF75B}.Release|Any CPU.ActiveCfg = Release|Any CPU
		{6BBF83FA-6955-4201-9D07-88E2DA4FF75B}.Release|Any CPU.Build.0 = Release|Any CPU
		{7DB90EDF-A570-47F5-B8F2-0D1A3FB71975}.Debug|Any CPU.ActiveCfg = Debug|Any CPU
		{7DB90EDF-A570-47F5-B8F2-0D1A3FB71975}.Debug|Any CPU.Build.0 = Debug|Any CPU
		{7DB90EDF-A570-47F5-B8F2-0D1A3FB71975}.Release|Any CPU.ActiveCfg = Release|Any CPU
		{7DB90EDF-A570-47F5-B8F2-0D1A3FB71975}.Release|Any CPU.Build.0 = Release|Any CPU
		{DC6D8A91-7981-4462-8A1E-2C9C5298A634}.Debug|Any CPU.ActiveCfg = Debug|Any CPU
		{DC6D8A91-7981-4462-8A1E-2C9C5298A634}.Debug|Any CPU.Build.0 = Debug|Any CPU
		{DC6D8A91-7981-4462-8A1E-2C9C5298A634}.Release|Any CPU.ActiveCfg = Release|Any CPU
		{DC6D8A91-7981-4462-8A1E-2C9C5298A634}.Release|Any CPU.Build.0 = Release|Any CPU
		{B093EAD3-C02C-4EF6-B402-F76D2637AE1C}.Debug|Any CPU.ActiveCfg = Debug|Any CPU
		{B093EAD3-C02C-4EF6-B402-F76D2637AE1C}.Debug|Any CPU.Build.0 = Debug|Any CPU
		{B093EAD3-C02C-4EF6-B402-F76D2637AE1C}.Release|Any CPU.ActiveCfg = Release|Any CPU
		{B093EAD3-C02C-4EF6-B402-F76D2637AE1C}.Release|Any CPU.Build.0 = Release|Any CPU
		{AD34A9DA-ADEB-4F3C-8FC4-867CB13A5548}.Debug|Any CPU.ActiveCfg = Debug|Any CPU
		{AD34A9DA-ADEB-4F3C-8FC4-867CB13A5548}.Debug|Any CPU.Build.0 = Debug|Any CPU
		{AD34A9DA-ADEB-4F3C-8FC4-867CB13A5548}.Release|Any CPU.ActiveCfg = Release|Any CPU
		{AD34A9DA-ADEB-4F3C-8FC4-867CB13A5548}.Release|Any CPU.Build.0 = Release|Any CPU
		{716A5DEF-98F4-4E9E-BEF5-3E38CE488053}.Debug|Any CPU.ActiveCfg = Debug|Any CPU
		{716A5DEF-98F4-4E9E-BEF5-3E38CE488053}.Debug|Any CPU.Build.0 = Debug|Any CPU
		{716A5DEF-98F4-4E9E-BEF5-3E38CE488053}.Release|Any CPU.ActiveCfg = Release|Any CPU
		{716A5DEF-98F4-4E9E-BEF5-3E38CE488053}.Release|Any CPU.Build.0 = Release|Any CPU
		{89BBD590-4BEE-4B03-B7D9-29DD22145C8C}.Debug|Any CPU.ActiveCfg = Debug|Any CPU
		{89BBD590-4BEE-4B03-B7D9-29DD22145C8C}.Debug|Any CPU.Build.0 = Debug|Any CPU
		{89BBD590-4BEE-4B03-B7D9-29DD22145C8C}.Release|Any CPU.ActiveCfg = Release|Any CPU
		{89BBD590-4BEE-4B03-B7D9-29DD22145C8C}.Release|Any CPU.Build.0 = Release|Any CPU
		{A92C714C-3DAD-4671-9E6A-C54E060BCA47}.Debug|Any CPU.ActiveCfg = Debug|Any CPU
		{A92C714C-3DAD-4671-9E6A-C54E060BCA47}.Debug|Any CPU.Build.0 = Debug|Any CPU
		{A92C714C-3DAD-4671-9E6A-C54E060BCA47}.Release|Any CPU.ActiveCfg = Release|Any CPU
		{A92C714C-3DAD-4671-9E6A-C54E060BCA47}.Release|Any CPU.Build.0 = Release|Any CPU
		{EA54541C-1C1D-4CBE-9AD1-80A0A7190709}.Debug|Any CPU.ActiveCfg = Debug|Any CPU
		{EA54541C-1C1D-4CBE-9AD1-80A0A7190709}.Debug|Any CPU.Build.0 = Debug|Any CPU
		{EA54541C-1C1D-4CBE-9AD1-80A0A7190709}.Release|Any CPU.ActiveCfg = Release|Any CPU
		{EA54541C-1C1D-4CBE-9AD1-80A0A7190709}.Release|Any CPU.Build.0 = Release|Any CPU
		{68C29B38-2A61-42CA-8ACC-47DEBD86C7D5}.Debug|Any CPU.ActiveCfg = Debug|Any CPU
		{68C29B38-2A61-42CA-8ACC-47DEBD86C7D5}.Debug|Any CPU.Build.0 = Debug|Any CPU
		{68C29B38-2A61-42CA-8ACC-47DEBD86C7D5}.Release|Any CPU.ActiveCfg = Release|Any CPU
		{68C29B38-2A61-42CA-8ACC-47DEBD86C7D5}.Release|Any CPU.Build.0 = Release|Any CPU
		{20598CEE-7AB1-4B6A-A0FF-3DD5FC0AFE26}.Debug|Any CPU.ActiveCfg = Debug|Any CPU
		{20598CEE-7AB1-4B6A-A0FF-3DD5FC0AFE26}.Debug|Any CPU.Build.0 = Debug|Any CPU
		{20598CEE-7AB1-4B6A-A0FF-3DD5FC0AFE26}.Release|Any CPU.ActiveCfg = Release|Any CPU
		{20598CEE-7AB1-4B6A-A0FF-3DD5FC0AFE26}.Release|Any CPU.Build.0 = Release|Any CPU
		{8CF84008-15DB-4A0C-94E7-CB9D6070E7AC}.Debug|Any CPU.ActiveCfg = Debug|Any CPU
		{8CF84008-15DB-4A0C-94E7-CB9D6070E7AC}.Debug|Any CPU.Build.0 = Debug|Any CPU
		{8CF84008-15DB-4A0C-94E7-CB9D6070E7AC}.Release|Any CPU.ActiveCfg = Release|Any CPU
		{8CF84008-15DB-4A0C-94E7-CB9D6070E7AC}.Release|Any CPU.Build.0 = Release|Any CPU
		{ADB8488E-9AA6-4DB4-A084-743871DC8DA6}.Debug|Any CPU.ActiveCfg = Debug|Any CPU
		{ADB8488E-9AA6-4DB4-A084-743871DC8DA6}.Debug|Any CPU.Build.0 = Debug|Any CPU
		{ADB8488E-9AA6-4DB4-A084-743871DC8DA6}.Release|Any CPU.ActiveCfg = Release|Any CPU
		{ADB8488E-9AA6-4DB4-A084-743871DC8DA6}.Release|Any CPU.Build.0 = Release|Any CPU
		{CEC95268-969F-4DDE-93F9-BB3E98F746A0}.Debug|Any CPU.ActiveCfg = Debug|Any CPU
		{CEC95268-969F-4DDE-93F9-BB3E98F746A0}.Debug|Any CPU.Build.0 = Debug|Any CPU
		{CEC95268-969F-4DDE-93F9-BB3E98F746A0}.Release|Any CPU.ActiveCfg = Release|Any CPU
		{CEC95268-969F-4DDE-93F9-BB3E98F746A0}.Release|Any CPU.Build.0 = Release|Any CPU
	EndGlobalSection
	GlobalSection(SolutionProperties) = preSolution
		HideSolutionNode = FALSE
	EndGlobalSection
	GlobalSection(NestedProjects) = preSolution
		{EEBB8695-7962-4C3A-8ABA-EA1BD612D289} = {2C48872E-71EC-42A3-B2E4-4378D5A273C5}
		{42C1A991-FAED-4809-9CF2-F385B24C33AE} = {EEBB8695-7962-4C3A-8ABA-EA1BD612D289}
		{5BD20509-84E1-452D-B74B-29B7CAC8A4F6} = {EEBB8695-7962-4C3A-8ABA-EA1BD612D289}
		{021F71F6-04DD-44DD-898E-E3C38E43430A} = {EEBB8695-7962-4C3A-8ABA-EA1BD612D289}
		{C0BB19DD-B105-40B8-A2AC-41846DE0CB36} = {EEBB8695-7962-4C3A-8ABA-EA1BD612D289}
		{6F9137F8-5D52-46F8-AF51-2A632C5A6651} = {EEBB8695-7962-4C3A-8ABA-EA1BD612D289}
		{C6218AF1-57F8-4510-860A-C0431AF063F8} = {EEBB8695-7962-4C3A-8ABA-EA1BD612D289}
		{455A67D5-DE3D-4621-B646-8363F27C9F08} = {EEBB8695-7962-4C3A-8ABA-EA1BD612D289}
		{4F187890-48EB-42E8-A382-220A6F320868} = {2C48872E-71EC-42A3-B2E4-4378D5A273C5}
		{A50A2794-0AD4-4F0D-9D7A-0CC7A2460321} = {EEBB8695-7962-4C3A-8ABA-EA1BD612D289}
		{47E6E391-5A46-4596-AA52-1FD113BF10A3} = {EEBB8695-7962-4C3A-8ABA-EA1BD612D289}
		{A2F71F4A-7CFB-442E-AE08-656289596166} = {EEBB8695-7962-4C3A-8ABA-EA1BD612D289}
		{86B9B9C9-157F-4023-BBAA-3A7CB903557C} = {35D838ED-B1AC-4F0F-8657-24F2B52F59EA}
		{41066E28-071D-4A1B-8923-8BB0B41134E3} = {35D838ED-B1AC-4F0F-8657-24F2B52F59EA}
		{AE345924-AA2E-4844-AD4F-640418E04399} = {35D838ED-B1AC-4F0F-8657-24F2B52F59EA}
		{0E2F960A-0960-4B39-9870-200A3AF654E1} = {35D838ED-B1AC-4F0F-8657-24F2B52F59EA}
		{D3C1BAF8-20CE-4B9F-82CE-12C81730B55D} = {35D838ED-B1AC-4F0F-8657-24F2B52F59EA}
		{EEDDE6EB-0F86-477C-A19E-084E95BF157D} = {35D838ED-B1AC-4F0F-8657-24F2B52F59EA}
		{F82DD4FB-D3C6-400D-A639-04722996400C} = {EEBB8695-7962-4C3A-8ABA-EA1BD612D289}
		{6BBF83FA-6955-4201-9D07-88E2DA4FF75B} = {EEBB8695-7962-4C3A-8ABA-EA1BD612D289}
		{7DB90EDF-A570-47F5-B8F2-0D1A3FB71975} = {EEBB8695-7962-4C3A-8ABA-EA1BD612D289}
		{DC6D8A91-7981-4462-8A1E-2C9C5298A634} = {EEBB8695-7962-4C3A-8ABA-EA1BD612D289}
		{B093EAD3-C02C-4EF6-B402-F76D2637AE1C} = {EEBB8695-7962-4C3A-8ABA-EA1BD612D289}
		{AD34A9DA-ADEB-4F3C-8FC4-867CB13A5548} = {EEBB8695-7962-4C3A-8ABA-EA1BD612D289}
		{716A5DEF-98F4-4E9E-BEF5-3E38CE488053} = {EEBB8695-7962-4C3A-8ABA-EA1BD612D289}
		{89BBD590-4BEE-4B03-B7D9-29DD22145C8C} = {EEBB8695-7962-4C3A-8ABA-EA1BD612D289}
		{A92C714C-3DAD-4671-9E6A-C54E060BCA47} = {EEBB8695-7962-4C3A-8ABA-EA1BD612D289}
		{EA54541C-1C1D-4CBE-9AD1-80A0A7190709} = {EEBB8695-7962-4C3A-8ABA-EA1BD612D289}
		{68C29B38-2A61-42CA-8ACC-47DEBD86C7D5} = {EEBB8695-7962-4C3A-8ABA-EA1BD612D289}
		{20598CEE-7AB1-4B6A-A0FF-3DD5FC0AFE26} = {35D838ED-B1AC-4F0F-8657-24F2B52F59EA}
		{8CF84008-15DB-4A0C-94E7-CB9D6070E7AC} = {35D838ED-B1AC-4F0F-8657-24F2B52F59EA}
		{ADB8488E-9AA6-4DB4-A084-743871DC8DA6} = {EEBB8695-7962-4C3A-8ABA-EA1BD612D289}
		{CEC95268-969F-4DDE-93F9-BB3E98F746A0} = {EEBB8695-7962-4C3A-8ABA-EA1BD612D289}
	EndGlobalSection
	GlobalSection(ExtensibilityGlobals) = postSolution
		SolutionGuid = {05DFE5B3-3188-4E93-A492-081768B6DBA7}
	EndGlobalSection
EndGlobal
