Microsoft Visual Studio Solution File, Format Version 12.00
# Visual Studio 15
VisualStudioVersion = 15.0.27703.2035
MinimumVisualStudioVersion = 10.0.40219.1
Project("{9A19103F-16F7-4668-BE54-9A1E7A4F7556}") = "AElf.Automation.RpcTesting", "AElf.Automation.RpcTesting\AElf.Automation.RpcTesting.csproj", "{1021C6AB-CB6A-443F-A789-6D58833EEABE}"
EndProject
Project("{2150E333-8FDC-42A3-9474-1A3956D46DE8}") = "DeployScripts", "DeployScripts", "{DC4AEB8A-7BB9-439F-8AB1-61DFCFC4989A}"
	ProjectSection(SolutionItems) = preProject
		aelf-autotest.sh = aelf-autotest.sh
		aelf-cli.sh = aelf-cli.sh
		aelf-docker.sh = aelf-docker.sh
		aelf-new-environment.sh = aelf-new-environment.sh
		aelf-node-docker.sh = aelf-node-docker.sh
		aelf-node-local.sh = aelf-node-local.sh
		aelf-nodes-local.sh = aelf-nodes-local.sh
		sh-record.sh = sh-record.sh
		sh-replay.sh = sh-replay.sh
		aelf-contraction-test.sh = aelf-contraction-test.sh
	EndProjectSection
EndProject
Project("{9A19103F-16F7-4668-BE54-9A1E7A4F7556}") = "AElf.Automation.DbTesting", "AElf.Automation.DbTesting\AElf.Automation.DbTesting.csproj", "{8FE9946B-7FEA-45D6-B96A-9063BDD860E3}"
EndProject
Project("{9A19103F-16F7-4668-BE54-9A1E7A4F7556}") = "AElf.Automation.Common", "AElf.Automation.Common\AElf.Automation.Common.csproj", "{A6965199-AA8D-4BAA-B88E-609C440F4962}"
EndProject
Project("{9A19103F-16F7-4668-BE54-9A1E7A4F7556}") = "AElf.Automation.RpcPerformance", "AElf.Automation.RpcPerformance\AElf.Automation.RpcPerformance.csproj", "{A12A134E-7226-488A-99EC-39375F57EBCD}"
EndProject
Project("{2150E333-8FDC-42A3-9474-1A3956D46DE8}") = "Solution Items", "Solution Items", "{C52F53CE-F851-4F67-8A9A-6D63FAA604D4}"
	ProjectSection(SolutionItems) = preProject
		.gitignore = .gitignore
	EndProjectSection
EndProject
Project("{2150E333-8FDC-42A3-9474-1A3956D46DE8}") = "AElfProjects", "AElfProjects", "{5BDC72C1-6F24-4E07-B8B0-33F527650291}"
EndProject
Project("{9A19103F-16F7-4668-BE54-9A1E7A4F7556}") = "AElf.ABI.CSharp", "AElf\AElf.ABI.CSharp\AElf.ABI.CSharp.csproj", "{AC9E88FF-708C-4B79-BF40-D27609F6EE2A}"
EndProject
Project("{9A19103F-16F7-4668-BE54-9A1E7A4F7556}") = "AElf.Common", "AElf\AElf.Common\AElf.Common.csproj", "{56FAF362-F13A-4BDE-A3AC-93401E183A2C}"
EndProject
Project("{9A19103F-16F7-4668-BE54-9A1E7A4F7556}") = "AElf.Configuration", "AElf\AElf.Configuration\AElf.Configuration.csproj", "{33BB0CFF-9F99-4FE8-8EB2-4DF6DD30A76F}"
EndProject
Project("{9A19103F-16F7-4668-BE54-9A1E7A4F7556}") = "AElf.Cryptography", "AElf\AElf.Cryptography\AElf.Cryptography.csproj", "{CDEE3360-50E5-4A71-B9C6-FB6ABC01E215}"
EndProject
Project("{9A19103F-16F7-4668-BE54-9A1E7A4F7556}") = "AElf.Database", "AElf\AElf.Database\AElf.Database.csproj", "{2316F76F-5049-45A1-90D2-DA50CDEB26B6}"
EndProject
Project("{9A19103F-16F7-4668-BE54-9A1E7A4F7556}") = "AElf.Kernel.Types", "AElf\AElf.Kernel.Types\AElf.Kernel.Types.csproj", "{416A234C-5C44-4524-B462-DCD2D22E66B9}"
EndProject
Project("{9A19103F-16F7-4668-BE54-9A1E7A4F7556}") = "AElf.Kernel", "AElf\AElf.Kernel\AElf.Kernel.csproj", "{31E1CDDC-17F9-4676-8FA0-DAA16F95AB8E}"
EndProject
Project("{9A19103F-16F7-4668-BE54-9A1E7A4F7556}") = "AElf.Network", "AElf\AElf.Network\AElf.Network.csproj", "{50E1BAF0-0550-4661-9265-69D9A1F6DC64}"
EndProject
Project("{9A19103F-16F7-4668-BE54-9A1E7A4F7556}") = "AElf.Types.CSharp", "AElf\AElf.Types.CSharp\AElf.Types.CSharp.csproj", "{3B9C2833-32FC-4064-B82A-CF34986A3B2B}"
EndProject
Project("{9A19103F-16F7-4668-BE54-9A1E7A4F7556}") = "AElf.RPC", "AElf\AElf.RPC\AElf.RPC.csproj", "{B3DEC995-B0D3-4855-81DE-02D22A3A61B7}"
EndProject
Project("{FAE04EC0-301F-11D3-BF4B-00C04F79EFBC}") = "AElf.SmartContract", "AElf\AElf.SmartContract\AElf.SmartContract.csproj", "{E80864B3-7E98-4DEF-A3B4-9C39B36B6B9A}"
EndProject
Project("{FAE04EC0-301F-11D3-BF4B-00C04F79EFBC}") = "AElf.Automation.RedisTesting", "AElf.Automation.RedisTesting\AElf.Automation.RedisTesting.csproj", "{E67F56B5-B07A-425C-938E-F49622C0A738}"
EndProject
Project("{FAE04EC0-301F-11D3-BF4B-00C04F79EFBC}") = "AElf.Automation.SideChainVerification", "AElf.Automation.SideChainVerification\AElf.Automation.SideChainVerification.csproj", "{3E96BE14-AFC5-4520-ACF6-AADBD15BCFB2}"
EndProject
Global
	GlobalSection(SolutionConfigurationPlatforms) = preSolution
		Debug|Any CPU = Debug|Any CPU
		Release|Any CPU = Release|Any CPU
	EndGlobalSection
	GlobalSection(ProjectConfigurationPlatforms) = postSolution
		{1021C6AB-CB6A-443F-A789-6D58833EEABE}.Debug|Any CPU.ActiveCfg = Debug|Any CPU
		{1021C6AB-CB6A-443F-A789-6D58833EEABE}.Debug|Any CPU.Build.0 = Debug|Any CPU
		{1021C6AB-CB6A-443F-A789-6D58833EEABE}.Release|Any CPU.ActiveCfg = Release|Any CPU
		{1021C6AB-CB6A-443F-A789-6D58833EEABE}.Release|Any CPU.Build.0 = Release|Any CPU
		{8FE9946B-7FEA-45D6-B96A-9063BDD860E3}.Debug|Any CPU.ActiveCfg = Debug|Any CPU
		{8FE9946B-7FEA-45D6-B96A-9063BDD860E3}.Debug|Any CPU.Build.0 = Debug|Any CPU
		{8FE9946B-7FEA-45D6-B96A-9063BDD860E3}.Release|Any CPU.ActiveCfg = Release|Any CPU
		{8FE9946B-7FEA-45D6-B96A-9063BDD860E3}.Release|Any CPU.Build.0 = Release|Any CPU
		{A6965199-AA8D-4BAA-B88E-609C440F4962}.Debug|Any CPU.ActiveCfg = Debug|Any CPU
		{A6965199-AA8D-4BAA-B88E-609C440F4962}.Debug|Any CPU.Build.0 = Debug|Any CPU
		{A6965199-AA8D-4BAA-B88E-609C440F4962}.Release|Any CPU.ActiveCfg = Release|Any CPU
		{A6965199-AA8D-4BAA-B88E-609C440F4962}.Release|Any CPU.Build.0 = Release|Any CPU
		{A12A134E-7226-488A-99EC-39375F57EBCD}.Debug|Any CPU.ActiveCfg = Debug|Any CPU
		{A12A134E-7226-488A-99EC-39375F57EBCD}.Debug|Any CPU.Build.0 = Debug|Any CPU
		{A12A134E-7226-488A-99EC-39375F57EBCD}.Release|Any CPU.ActiveCfg = Release|Any CPU
		{A12A134E-7226-488A-99EC-39375F57EBCD}.Release|Any CPU.Build.0 = Release|Any CPU
		{AC9E88FF-708C-4B79-BF40-D27609F6EE2A}.Debug|Any CPU.ActiveCfg = Debug|Any CPU
		{AC9E88FF-708C-4B79-BF40-D27609F6EE2A}.Debug|Any CPU.Build.0 = Debug|Any CPU
		{AC9E88FF-708C-4B79-BF40-D27609F6EE2A}.Release|Any CPU.ActiveCfg = Release|Any CPU
		{AC9E88FF-708C-4B79-BF40-D27609F6EE2A}.Release|Any CPU.Build.0 = Release|Any CPU
		{56FAF362-F13A-4BDE-A3AC-93401E183A2C}.Debug|Any CPU.ActiveCfg = Debug|Any CPU
		{56FAF362-F13A-4BDE-A3AC-93401E183A2C}.Debug|Any CPU.Build.0 = Debug|Any CPU
		{56FAF362-F13A-4BDE-A3AC-93401E183A2C}.Release|Any CPU.ActiveCfg = Release|Any CPU
		{56FAF362-F13A-4BDE-A3AC-93401E183A2C}.Release|Any CPU.Build.0 = Release|Any CPU
		{33BB0CFF-9F99-4FE8-8EB2-4DF6DD30A76F}.Debug|Any CPU.ActiveCfg = Debug|Any CPU
		{33BB0CFF-9F99-4FE8-8EB2-4DF6DD30A76F}.Debug|Any CPU.Build.0 = Debug|Any CPU
		{33BB0CFF-9F99-4FE8-8EB2-4DF6DD30A76F}.Release|Any CPU.ActiveCfg = Release|Any CPU
		{33BB0CFF-9F99-4FE8-8EB2-4DF6DD30A76F}.Release|Any CPU.Build.0 = Release|Any CPU
		{CDEE3360-50E5-4A71-B9C6-FB6ABC01E215}.Debug|Any CPU.ActiveCfg = Debug|Any CPU
		{CDEE3360-50E5-4A71-B9C6-FB6ABC01E215}.Debug|Any CPU.Build.0 = Debug|Any CPU
		{CDEE3360-50E5-4A71-B9C6-FB6ABC01E215}.Release|Any CPU.ActiveCfg = Release|Any CPU
		{CDEE3360-50E5-4A71-B9C6-FB6ABC01E215}.Release|Any CPU.Build.0 = Release|Any CPU
		{2316F76F-5049-45A1-90D2-DA50CDEB26B6}.Debug|Any CPU.ActiveCfg = Debug|Any CPU
		{2316F76F-5049-45A1-90D2-DA50CDEB26B6}.Debug|Any CPU.Build.0 = Debug|Any CPU
		{2316F76F-5049-45A1-90D2-DA50CDEB26B6}.Release|Any CPU.ActiveCfg = Release|Any CPU
		{2316F76F-5049-45A1-90D2-DA50CDEB26B6}.Release|Any CPU.Build.0 = Release|Any CPU
		{416A234C-5C44-4524-B462-DCD2D22E66B9}.Debug|Any CPU.ActiveCfg = Debug|Any CPU
		{416A234C-5C44-4524-B462-DCD2D22E66B9}.Debug|Any CPU.Build.0 = Debug|Any CPU
		{416A234C-5C44-4524-B462-DCD2D22E66B9}.Release|Any CPU.ActiveCfg = Release|Any CPU
		{416A234C-5C44-4524-B462-DCD2D22E66B9}.Release|Any CPU.Build.0 = Release|Any CPU
		{31E1CDDC-17F9-4676-8FA0-DAA16F95AB8E}.Debug|Any CPU.ActiveCfg = Debug|Any CPU
		{31E1CDDC-17F9-4676-8FA0-DAA16F95AB8E}.Debug|Any CPU.Build.0 = Debug|Any CPU
		{31E1CDDC-17F9-4676-8FA0-DAA16F95AB8E}.Release|Any CPU.ActiveCfg = Release|Any CPU
		{31E1CDDC-17F9-4676-8FA0-DAA16F95AB8E}.Release|Any CPU.Build.0 = Release|Any CPU
		{50E1BAF0-0550-4661-9265-69D9A1F6DC64}.Debug|Any CPU.ActiveCfg = Debug|Any CPU
		{50E1BAF0-0550-4661-9265-69D9A1F6DC64}.Debug|Any CPU.Build.0 = Debug|Any CPU
		{50E1BAF0-0550-4661-9265-69D9A1F6DC64}.Release|Any CPU.ActiveCfg = Release|Any CPU
		{50E1BAF0-0550-4661-9265-69D9A1F6DC64}.Release|Any CPU.Build.0 = Release|Any CPU
		{3B9C2833-32FC-4064-B82A-CF34986A3B2B}.Debug|Any CPU.ActiveCfg = Debug|Any CPU
		{3B9C2833-32FC-4064-B82A-CF34986A3B2B}.Debug|Any CPU.Build.0 = Debug|Any CPU
		{3B9C2833-32FC-4064-B82A-CF34986A3B2B}.Release|Any CPU.ActiveCfg = Release|Any CPU
		{3B9C2833-32FC-4064-B82A-CF34986A3B2B}.Release|Any CPU.Build.0 = Release|Any CPU
		{B3DEC995-B0D3-4855-81DE-02D22A3A61B7}.Debug|Any CPU.ActiveCfg = Debug|Any CPU
		{B3DEC995-B0D3-4855-81DE-02D22A3A61B7}.Debug|Any CPU.Build.0 = Debug|Any CPU
		{B3DEC995-B0D3-4855-81DE-02D22A3A61B7}.Release|Any CPU.ActiveCfg = Release|Any CPU
		{B3DEC995-B0D3-4855-81DE-02D22A3A61B7}.Release|Any CPU.Build.0 = Release|Any CPU
		{E80864B3-7E98-4DEF-A3B4-9C39B36B6B9A}.Debug|Any CPU.ActiveCfg = Debug|Any CPU
		{E80864B3-7E98-4DEF-A3B4-9C39B36B6B9A}.Debug|Any CPU.Build.0 = Debug|Any CPU
		{E80864B3-7E98-4DEF-A3B4-9C39B36B6B9A}.Release|Any CPU.ActiveCfg = Release|Any CPU
		{E80864B3-7E98-4DEF-A3B4-9C39B36B6B9A}.Release|Any CPU.Build.0 = Release|Any CPU
		{E67F56B5-B07A-425C-938E-F49622C0A738}.Debug|Any CPU.ActiveCfg = Debug|Any CPU
		{E67F56B5-B07A-425C-938E-F49622C0A738}.Debug|Any CPU.Build.0 = Debug|Any CPU
		{E67F56B5-B07A-425C-938E-F49622C0A738}.Release|Any CPU.ActiveCfg = Release|Any CPU
		{E67F56B5-B07A-425C-938E-F49622C0A738}.Release|Any CPU.Build.0 = Release|Any CPU
		{3E96BE14-AFC5-4520-ACF6-AADBD15BCFB2}.Debug|Any CPU.ActiveCfg = Debug|Any CPU
		{3E96BE14-AFC5-4520-ACF6-AADBD15BCFB2}.Debug|Any CPU.Build.0 = Debug|Any CPU
		{3E96BE14-AFC5-4520-ACF6-AADBD15BCFB2}.Release|Any CPU.ActiveCfg = Release|Any CPU
		{3E96BE14-AFC5-4520-ACF6-AADBD15BCFB2}.Release|Any CPU.Build.0 = Release|Any CPU
	EndGlobalSection
	GlobalSection(SolutionProperties) = preSolution
		HideSolutionNode = FALSE
	EndGlobalSection
	GlobalSection(NestedProjects) = preSolution
		{AC9E88FF-708C-4B79-BF40-D27609F6EE2A} = {5BDC72C1-6F24-4E07-B8B0-33F527650291}
		{56FAF362-F13A-4BDE-A3AC-93401E183A2C} = {5BDC72C1-6F24-4E07-B8B0-33F527650291}
		{33BB0CFF-9F99-4FE8-8EB2-4DF6DD30A76F} = {5BDC72C1-6F24-4E07-B8B0-33F527650291}
		{CDEE3360-50E5-4A71-B9C6-FB6ABC01E215} = {5BDC72C1-6F24-4E07-B8B0-33F527650291}
		{2316F76F-5049-45A1-90D2-DA50CDEB26B6} = {5BDC72C1-6F24-4E07-B8B0-33F527650291}
		{416A234C-5C44-4524-B462-DCD2D22E66B9} = {5BDC72C1-6F24-4E07-B8B0-33F527650291}
		{31E1CDDC-17F9-4676-8FA0-DAA16F95AB8E} = {5BDC72C1-6F24-4E07-B8B0-33F527650291}
		{50E1BAF0-0550-4661-9265-69D9A1F6DC64} = {5BDC72C1-6F24-4E07-B8B0-33F527650291}
		{3B9C2833-32FC-4064-B82A-CF34986A3B2B} = {5BDC72C1-6F24-4E07-B8B0-33F527650291}
		{B3DEC995-B0D3-4855-81DE-02D22A3A61B7} = {5BDC72C1-6F24-4E07-B8B0-33F527650291}
		{E80864B3-7E98-4DEF-A3B4-9C39B36B6B9A} = {5BDC72C1-6F24-4E07-B8B0-33F527650291}
	EndGlobalSection
	GlobalSection(ExtensibilityGlobals) = postSolution
		SolutionGuid = {05DFE5B3-3188-4E93-A492-081768B6DBA7}
	EndGlobalSection
EndGlobal
